
Microsoft Visual Studio Solution File, Format Version 12.00
# Visual Studio 15
VisualStudioVersion = 15.0.28307.1340
MinimumVisualStudioVersion = 10.0.40219.1
Project("{FAE04EC0-301F-11D3-BF4B-00C04F79EFBC}") = "StdentMgt", "StdentMgt\StdentMgt.csproj", "{A2C5C5E8-8BEF-4C24-8540-6497DDF8AA6B}"
EndProject
Global
	GlobalSection(SolutionConfigurationPlatforms) = preSolution
		Debug|Any CPU = Debug|Any CPU
		Release|Any CPU = Release|Any CPU
	EndGlobalSection
	GlobalSection(ProjectConfigurationPlatforms) = postSolution
		{A2C5C5E8-8BEF-4C24-8540-6497DDF8AA6B}.Debug|Any CPU.ActiveCfg = Debug|Any CPU
		{A2C5C5E8-8BEF-4C24-8540-6497DDF8AA6B}.Debug|Any CPU.Build.0 = Debug|Any CPU
		{A2C5C5E8-8BEF-4C24-8540-6497DDF8AA6B}.Release|Any CPU.ActiveCfg = Release|Any CPU
		{A2C5C5E8-8BEF-4C24-8540-6497DDF8AA6B}.Release|Any CPU.Build.0 = Release|Any CPU
	EndGlobalSection
	GlobalSection(SolutionProperties) = preSolution
		HideSolutionNode = FALSE
	EndGlobalSection
	GlobalSection(ExtensibilityGlobals) = postSolution
		SolutionGuid = {12D5430D-76F6-4C72-90EA-E2D6F42C3010}
	EndGlobalSection
EndGlobal
